{
    "_meta": {
        "hash": {
            "sha256": "91d4949d2c44498ed6443caf8b6c3155867d21035a8d518bbde6f4ee1e65b24f"
        },
        "pipfile-spec": 6,
        "requires": {
            "python_version": "3.6"
        },
        "sources": [
            {
                "name": "pypi",
                "url": "https://mirrors.aliyun.com/pypi/simple",
                "verify_ssl": true
            }
        ]
    },
    "default": {
        "aliyun-python-sdk-core": {
            "hashes": [
                "sha256:83f211d67f931dc587b8c31ec1857ee68910792ae23e2243bcdfb92408fbc1ea",
                "sha256:d23a8845f6b6961662ca2f327741c7f14b2351699fb6b92151200593cabb5222"
            ],
            "version": "==2.13.5"
        },
        "aliyun-python-sdk-kms": {
            "hashes": [
                "sha256:9dd6454c7820f4b75b8c0201ce9b9f86430a03da3145195706d4bc746c1bc8cd"
            ],
            "version": "==2.6.0"
        },
        "certifi": {
            "hashes": [
                "sha256:046832c04d4e752f37383b628bc601a7ea7211496b4638f6514d0e5b9acc4939",
                "sha256:945e3ba63a0b9f577b1395204e13c3a231f9bc0223888be653286534e5873695"
            ],
            "version": "==2019.6.16"
        },
        "chardet": {
            "hashes": [
                "sha256:84ab92ed1c4d4f16916e05906b6b75a6c0fb5db821cc65e70cbd64a3e2a5eaae",
                "sha256:fc323ffcaeaed0e0a02bf4d117757b98aed530d9ed4531e3e15460124c106691"
            ],
            "version": "==3.0.4"
        },
        "click": {
            "hashes": [
                "sha256:2335065e6395b9e67ca716de5f7526736bfa6ceead690adf616d925bdc622b13",
                "sha256:5b94b49521f6456670fdb30cd82a4eca9412788a93fa6dd6df72c94d5a8ff2d7"
            ],
            "index": "pypi",
            "version": "==7.0"
        },
        "crcmod": {
            "hashes": [
                "sha256:dc7051a0db5f2bd48665a990d3ec1cc305a466a77358ca4492826f41f283601e"
            ],
            "version": "==1.7"
        },
        "idna": {
            "hashes": [
                "sha256:c357b3f628cf53ae2c4c05627ecc484553142ca23264e593d327bcde5e9c3407",
                "sha256:ea8b7f6188e6fa117537c3df7da9fc686d485087abf6ac197f9c46432f7e4a3c"
            ],
            "version": "==2.8"
        },
        "jmespath": {
            "hashes": [
                "sha256:3720a4b1bd659dd2eecad0666459b9788813e032b83e7ba58578e48254e0a0e6",
                "sha256:bde2aef6f44302dfb30320115b17d030798de8c4110e28d5cf6cf91a7a31074c"
            ],
            "version": "==0.9.4"
        },
        "oss2": {
            "hashes": [
                "sha256:7d1843a48fe77bbd79183e21fb32a7db22802f91e945392a3d3ed24d66444c98",
                "sha256:ac482e3fb1e3c71bf535610aefe25704a2e543224205b3d45669b036882bcee8"
            ],
            "index": "pypi",
            "version": "==2.7.0"
        },
        "pycryptodome": {
            "hashes": [
                "sha256:0281dc6a65a4d0d9e439f54e0ad5faf27bfdc2ebe9ead36912bac74a0920fa2e",
                "sha256:02af9b284f5c9a55f06f5e4532c16c9b7bd958e293e93969934d864ef7bd87ee",
                "sha256:09da99372fb69762e4b9690291176a166cc351793e2e1c9405d29ca291503aa8",
                "sha256:0c2400ccfc049c3f24e65d4f02bb4208d86e408011019e455fab7f50d2b226c9",
                "sha256:2081dd6dce6b21bf3596427edaedd4f2561dce616893b162ed2c674f3a3ca70a",
                "sha256:28b86ec9fdb005a2a18e4862a3a7277046738825ee8dc89cda5657e75a396089",
                "sha256:2d790c0d4c0d5edcf5fbab4e2af7b03757e40c5ae8d217f0dfe9ddea37fe130f",
                "sha256:2f24906153dca16528cf5515b1afa9ef635423d5a654904e861765f88ca667b6",
                "sha256:30d283939896fa4bacbdb9fa86e6fd51e9a5b953a511e210b38481f697f289f5",
                "sha256:31f78b67f97830d137f74813c0502a181a03b43a32ed124049bb20428176c307",
                "sha256:33c1f3a380fd38ab4dd4372bef17e98002b360b52814bb1b077693b1bd06ec87",
                "sha256:34091e9a6650c44e25339f22fc821396f19f152f65be2546edd823a093fb5a04",
                "sha256:567fb73951ab6865a2eb1a0060b54be1e27302574f6c65879525bdf53fab49e1",
                "sha256:5bc40f8aa7ba8ca7f833ad2477b9d84e1bfd2630b22a46d9bbd221982f8c3ac0",
                "sha256:6b0a0ccf33c7a6100c569667c888335a4aaf0d22218cb97b4963a65d70f6c343",
                "sha256:71b93157f1ce93fc7cfff9359b76def2b4826a7ef7a7f95e070161368e7f584a",
                "sha256:7d939d511b7dac29b2d936706786771ecb8256e43fade5cdb0e8bc58f02b86cf",
                "sha256:7fbc5a93d52e4c51487f4648b00dc41700adb144d10fc567b05f852e76c243ad",
                "sha256:9cb94b8f9c915a5d2b273d612a25a8e5d67b49543f8eb6bcec0275ac46cda421",
                "sha256:a585ea1722f9731e75881d5ffcc51d11c794d244ac57e7c2a9cbb8d5ac729302",
                "sha256:a6458dd7a10ae51f6fce56bdfc79bf6d3b54556237045d09e77fbda9d6d37864",
                "sha256:a9fb92e948128bce0239b87c6efcf2cb1c5a703d0b41dd6835211e6fafd1c5df",
                "sha256:b0b6b4ca1c53e7d6ca9f2720919f63837f05e7a5f92912a2bc29bfd03ed3b54f",
                "sha256:b7d22c8d648aaa3a7ec785eda544402141eb78ac5ffbba4cbe2c3a1f52276870",
                "sha256:bc9560574a868cfa2ba781b7bb0b4685b08ea251697abfc49070ffc05e1cbee6",
                "sha256:c0c5a576f3f7b7de3f86889cb47eb51b59dc11db9cf1e2a0f51eb4d988010ea4",
                "sha256:e1c91c2fa942a71c98a7a1f462de6dbbe82f34b9267eb8131314d97bd13bf0d4",
                "sha256:ec936361ad78aa95382c313df95777795b8185aac5dd3ec5463363ea94b556fc"
            ],
            "version": "==3.8.2"
        },
        "pymysql": {
            "hashes": [
                "sha256:3943fbbbc1e902f41daf7f9165519f140c4451c179380677e6a848587042561a",
                "sha256:d8c059dcd81dedb85a9f034d5e22dcb4442c0b201908bede99e306d65ea7c8e7"
            ],
            "index": "pypi",
            "version": "==0.9.3"
        },
        "requests": {
            "hashes": [
                "sha256:11e007a8a2aa0323f5a921e9e6a2d7e4e67d9877e85773fba9ba6419025cbeb4",
                "sha256:9cf5292fcd0f598c671cfc1e0d7d1a7f13bb8085e9a590f48c010551dc6c4b31"
            ],
            "version": "==2.22.0"
        },
        "urllib3": {
            "hashes": [
                "sha256:b246607a25ac80bedac05c6f282e3cdaf3afb65420fd024ac94435cabe6e18d1",
                "sha256:dbe59173209418ae49d485b87d1681aefa36252ee85884c31346debd19463232"
            ],
            "version": "==1.25.3"
        },
        "zstandard": {
            "hashes": [
                "sha256:19f5ad81590acd20dbdfb930b87a035189778662fdc67ab8cbcc106269ed1be8",
                "sha256:1a1db0c9774181e806a418c32d511aa085c7e2c28c257a58f6c107f5decb3109",
                "sha256:22d7aa898f36f78108cc1ef0c8da8225f0add518441d815ad4fdd1d577378209",
                "sha256:357873afdd7cd0e653d169c36ce837ce2b3e5926dd4a5c0f0476c813f6765373",
                "sha256:3c31da5d78a7b07e722e8a3e0b1295bc9b316b7e90a1666659c451a42750ffe4",
                "sha256:3f76562ec63fabc6f4b5be0cd986f911c97105c35c31b4d655b90c4d2fe07f40",
                "sha256:42fa4462e0563fe17e73dfeb95eef9b00429b86282f8f6ca0e2765b1855a8324",
                "sha256:51aad01a5709ca6f45768c69ffd4c887528e5ad9e09302426b735560752c4e82",
                "sha256:6cd81819a02e57e38e27c53c5c0a7015e059b0e148a18bf27b46b4f808840879",
                "sha256:717fd2494f222164396e03d08ef57174d2a889920b81ca49f276caf9381e6405",
                "sha256:71c8711458212c973a9b719275db8111f22803e0caf675affde50703b96e9be1",
                "sha256:76a331b5a6258fce3906551557db9be83bdd89a62f66f509a55a4a307239c782",
                "sha256:7c92dfcdf7e0c540f9718b40b4c54516a968ef6b81567b75df81866a1af2189d",
                "sha256:7f3db21223a8bb4ffcf6c36b9c20d38278967723b47fce249dcb6ec6d4082b83",
                "sha256:7fa9deba4c904e76870e08324adff94ec3a4bc56a50bbe1a9f859a4aed11c0d2",
                "sha256:88912cbcf68cc40037c113460a166ebfbbb24864ceebb89ad221ea346f22e995",
                "sha256:94aa5bb817f1c747b21214f6ef83a022bcb63bf81e4dae2954768165c13a510b",
                "sha256:951e382a2ea47179ecb3e314e8c70f2e5189e3652ccbbcb71c6443dd71bc20fc",
                "sha256:978a500ae1184f602dc902977ec208c7cf02c10caae9c159b10976a7cb29f879",
                "sha256:991c4a40171d87854b219cdf2ba56c1c34b3b3a8ebe5d1ab63bd357ff71271b2",
                "sha256:9ca84187182743d2e6bbf9d3f79d3834db205cddc98add27ad20f2189d080a60",
                "sha256:ae50bc839cf1ff549f55a3e55922563f246fb692f77497175a8d8d4cddc294da",
                "sha256:b7abae5b17e82d5f78aaa641077b4619c6ad204e30c6f3445d422acff5f35d3e",
                "sha256:b8fce0c961654f77c81a6ae1f2cd40633b41ef16a12ae02f0382ed6692f9bb90",
                "sha256:d8f047d3647a5cd1b77b4580f35208c938da00c101a092571c85bcefaa2d725d",
                "sha256:f1785b31bf428e964a9670dd4f721023f2741ef7fd67c663bf01e3d4d3f9ec2a",
                "sha256:fcf70e1e9d38035a15482e954ba064f3b701cf84cfe571576d15af93ac2a2fb1"
            ],
            "index": "pypi",
            "version": "==0.11.1"
        }
    },
    "develop": {
        "atomicwrites": {
            "hashes": [
                "sha256:03472c30eb2c5d1ba9227e4c2ca66ab8287fbfbbda3888aa93dc2e28fc6811b4",
                "sha256:75a9445bac02d8d058d5e1fe689654ba5a6556a1dfd8ce6ec55a0ed79866cfa6"
            ],
            "version": "==1.3.0"
        },
        "attrs": {
            "hashes": [
                "sha256:69c0dbf2ed392de1cb5ec704444b08a5ef81680a61cb899dc08127123af36a79",
                "sha256:f0b870f674851ecbfbbbd364d6b5cbdff9dcedbc7f3f5e18a6891057f21fe399"
            ],
            "version": "==19.1.0"
        },
        "entrypoints": {
            "hashes": [
                "sha256:589f874b313739ad35be6e0cd7efde2a4e9b6fea91edcc34e58ecbb8dbe56d19",
                "sha256:c70dd71abe5a8c85e55e12c19bd91ccfeec11a6e99044204511f9ed547d48451"
            ],
            "version": "==0.3"
        },
        "flake8": {
            "hashes": [
                "sha256:19241c1cbc971b9962473e4438a2ca19749a7dd002dd1a946eaba171b4114548",
                "sha256:8e9dfa3cecb2400b3738a42c54c3043e821682b9c840b0448c0503f781130696"
            ],
            "index": "pypi",
            "version": "==3.7.8"
        },
        "importlib-metadata": {
            "hashes": [
                "sha256:6dfd58dfe281e8d240937776065dd3624ad5469c835248219bd16cf2e12dbeb7",
                "sha256:cb6ee23b46173539939964df59d3d72c3e0c1b5d54b84f1d8a7e912fe43612db"
            ],
            "version": "==0.18"
        },
        "mccabe": {
            "hashes": [
                "sha256:ab8a6258860da4b6677da4bd2fe5dc2c659cff31b3ee4f7f5d64e79735b80d42",
                "sha256:dd8d182285a0fe56bace7f45b5e7d1a6ebcbf524e8f3bd87eb0f125271b8831f"
            ],
            "version": "==0.6.1"
        },
        "more-itertools": {
            "hashes": [
                "sha256:3ad685ff8512bf6dc5a8b82ebf73543999b657eded8c11803d9ba6b648986f4d",
                "sha256:8bb43d1f51ecef60d81854af61a3a880555a14643691cc4b64a6ee269c78f09a"
            ],
            "version": "==7.1.0"
        },
        "packaging": {
            "hashes": [
                "sha256:0c98a5d0be38ed775798ece1b9727178c4469d9c3b4ada66e8e6b7849f8732af",
                "sha256:9e1cbf8c12b1f1ce0bb5344b8d7ecf66a6f8a6e91bcb0c84593ed6d3ab5c4ab3"
            ],
            "version": "==19.0"
        },
        "pluggy": {
            "hashes": [
                "sha256:0825a152ac059776623854c1543d65a4ad408eb3d33ee114dff91e57ec6ae6fc",
                "sha256:b9817417e95936bf75d85d3f8767f7df6cdde751fc40aed3bb3074cbcb77757c"
            ],
            "version": "==0.12.0"
        },
        "py": {
            "hashes": [
                "sha256:64f65755aee5b381cea27766a3a147c3f15b9b6b9ac88676de66ba2ae36793fa",
                "sha256:dc639b046a6e2cff5bbe40194ad65936d6ba360b52b3c3fe1d08a82dd50b5e53"
            ],
            "version": "==1.8.0"
        },
        "pycodestyle": {
            "hashes": [
                "sha256:95a2219d12372f05704562a14ec30bc76b05a5b297b21a5dfe3f6fac3491ae56",
                "sha256:e40a936c9a450ad81df37f549d676d127b1b66000a6c500caa2b085bc0ca976c"
            ],
            "version": "==2.5.0"
        },
        "pyflakes": {
            "hashes": [
                "sha256:17dbeb2e3f4d772725c777fabc446d5634d1038f234e77343108ce445ea69ce0",
                "sha256:d976835886f8c5b31d47970ed689944a0262b5f3afa00a5a7b4dc81e5449f8a2"
            ],
            "version": "==2.1.1"
        },
        "pyparsing": {
            "hashes": [
                "sha256:1873c03321fc118f4e9746baf201ff990ceb915f433f23b395f5580d1840cb2a",
                "sha256:9b6323ef4ab914af344ba97510e966d64ba91055d6b9afa6b30799340e89cc03"
            ],
            "version": "==2.4.0"
        },
        "pytest": {
            "hashes": [
                "sha256:6ef6d06de77ce2961156013e9dff62f1b2688aa04d0dc244299fe7d67e09370d",
                "sha256:a736fed91c12681a7b34617c8fcefe39ea04599ca72c608751c31d89579a3f77"
            ],
            "index": "pypi",
            "version": "==5.0.1"
        },
        "six": {
            "hashes": [
                "sha256:3350809f0555b11f552448330d0b52d5f24c91a322ea4a15ef22629740f3761c",
                "sha256:d16a0141ec1a18405cd4ce8b4613101da75da0e9a7aec5bdd4fa804d0e0eba73"
            ],
            "version": "==1.12.0"
        },
        "wcwidth": {
            "hashes": [
                "sha256:3df37372226d6e63e1b1e1eda15c594bca98a22d33a23832a90998faa96bc65e",
                "sha256:f4ebe71925af7b40a864553f761ed559b43544f8f71746c2d756c7fe788ade7c"
            ],
            "version": "==0.1.7"
        },
        "zipp": {
            "hashes": [
                "sha256:4970c3758f4e89a7857a973b1e2a5d75bcdc47794442f2e2dd4fe8e0466e809a",
                "sha256:8a5712cfd3bb4248015eb3b0b3c54a5f6ee3f2425963ef2a0125b8bc40aafaec"
            ],
            "version": "==0.5.2"
        }
    }
}
